
Microsoft Visual Studio Solution File, Format Version 12.00
# Visual Studio Version 16
VisualStudioVersion = 16.0.31402.337
MinimumVisualStudioVersion = 10.0.40219.1
Project("{FAE04EC0-301F-11D3-BF4B-00C04F79EFBC}") = "KarunyaAPI", "KarunyaAPI.csproj", "{62621E8F-8394-4D14-906E-DE5AEB36407B}"
EndProject
Global
	GlobalSection(SolutionConfigurationPlatforms) = preSolution
		Debug|Any CPU = Debug|Any CPU
		Release|Any CPU = Release|Any CPU
	EndGlobalSection
	GlobalSection(ProjectConfigurationPlatforms) = postSolution
		{62621E8F-8394-4D14-906E-DE5AEB36407B}.Debug|Any CPU.ActiveCfg = Debug|Any CPU
		{62621E8F-8394-4D14-906E-DE5AEB36407B}.Debug|Any CPU.Build.0 = Debug|Any CPU
		{62621E8F-8394-4D14-906E-DE5AEB36407B}.Release|Any CPU.ActiveCfg = Release|Any CPU
		{62621E8F-8394-4D14-906E-DE5AEB36407B}.Release|Any CPU.Build.0 = Release|Any CPU
	EndGlobalSection
	GlobalSection(SolutionProperties) = preSolution
		HideSolutionNode = FALSE
	EndGlobalSection
	GlobalSection(ExtensibilityGlobals) = postSolution
		SolutionGuid = {61C77498-FA80-4A63-A4B4-390707E78A21}
	EndGlobalSection
EndGlobal
